{
  "name": "sc_careers_2022",
  "lockfileVersion": 2,
  "requires": true,
  "packages": {
    "": {
      "devDependencies": {
        "prettier": "^2.5.1",
        "prettier-plugin-tailwindcss": "^0.1.7"
      }
    },
    "node_modules/prettier": {
      "version": "2.5.1",
      "resolved": "https://registry.npmjs.org/prettier/-/prettier-2.5.1.tgz",
      "integrity": "sha512-vBZcPRUR5MZJwoyi3ZoyQlc1rXeEck8KgeC9AwwOn+exuxLxq5toTRDTSaVrXHxelDMHy9zlicw8u66yxoSUFg==",
      "dev": true,
      "bin": {
        "prettier": "bin-prettier.js"
      },
      "engines": {
        "node": ">=10.13.0"
      }
    },
    "node_modules/prettier-plugin-tailwindcss": {
      "version": "0.1.7",
      "resolved": "https://registry.npmjs.org/prettier-plugin-tailwindcss/-/prettier-plugin-tailwindcss-0.1.7.tgz",
      "integrity": "sha512-tmBr45hCLuit2Cz9Pwow0/Jl1bGivYGsfcF29O+3sKcE++ybjz9dfie565S3ZsvAeV8uYer9SRMBWDsHPly2Lg==",
      "dev": true,
      "engines": {
        "node": ">=12.17.0"
      },
      "peerDependencies": {
        "prettier": ">=2.2.0"
      }
    }
  },
  "dependencies": {
    "prettier": {
      "version": "2.5.1",
      "resolved": "https://registry.npmjs.org/prettier/-/prettier-2.5.1.tgz",
      "integrity": "sha512-vBZcPRUR5MZJwoyi3ZoyQlc1rXeEck8KgeC9AwwOn+exuxLxq5toTRDTSaVrXHxelDMHy9zlicw8u66yxoSUFg==",
      "dev": true
    },
    "prettier-plugin-tailwindcss": {
      "version": "0.1.7",
      "resolved": "https://registry.npmjs.org/prettier-plugin-tailwindcss/-/prettier-plugin-tailwindcss-0.1.7.tgz",
      "integrity": "sha512-tmBr45hCLuit2Cz9Pwow0/Jl1bGivYGsfcF29O+3sKcE++ybjz9dfie565S3ZsvAeV8uYer9SRMBWDsHPly2Lg==",
      "dev": true,
      "requires": {}
    }
  }
}
